
Microsoft Visual Studio Solution File, Format Version 12.00
# Visual Studio 15
VisualStudioVersion = 15.0.26124.0
MinimumVisualStudioVersion = 15.0.26124.0
Project("{FAE04EC0-301F-11D3-BF4B-00C04F79EFBC}") = "API", "API\API.csproj", "{726542AB-B701-46C1-93EF-BF78DA5051CF}"
EndProject
Project("{FAE04EC0-301F-11D3-BF4B-00C04F79EFBC}") = "Core", "COre\Core.csproj", "{36A37507-201F-4E85-B20C-85B475FEDACA}"
EndProject
Project("{FAE04EC0-301F-11D3-BF4B-00C04F79EFBC}") = "Infrastructure", "Infrastructure\Infrastructure.csproj", "{691FC14A-F5F5-4E17-AD43-B5D0E6C9635F}"
EndProject
Global
	GlobalSection(SolutionConfigurationPlatforms) = preSolution
		Debug|Any CPU = Debug|Any CPU
		Debug|x64 = Debug|x64
		Debug|x86 = Debug|x86
		Release|Any CPU = Release|Any CPU
		Release|x64 = Release|x64
		Release|x86 = Release|x86
	EndGlobalSection
	GlobalSection(SolutionProperties) = preSolution
		HideSolutionNode = FALSE
	EndGlobalSection
	GlobalSection(ProjectConfigurationPlatforms) = postSolution
		{726542AB-B701-46C1-93EF-BF78DA5051CF}.Debug|Any CPU.ActiveCfg = Debug|Any CPU
		{726542AB-B701-46C1-93EF-BF78DA5051CF}.Debug|Any CPU.Build.0 = Debug|Any CPU
		{726542AB-B701-46C1-93EF-BF78DA5051CF}.Debug|x64.ActiveCfg = Debug|Any CPU
		{726542AB-B701-46C1-93EF-BF78DA5051CF}.Debug|x64.Build.0 = Debug|Any CPU
		{726542AB-B701-46C1-93EF-BF78DA5051CF}.Debug|x86.ActiveCfg = Debug|Any CPU
		{726542AB-B701-46C1-93EF-BF78DA5051CF}.Debug|x86.Build.0 = Debug|Any CPU
		{726542AB-B701-46C1-93EF-BF78DA5051CF}.Release|Any CPU.ActiveCfg = Release|Any CPU
		{726542AB-B701-46C1-93EF-BF78DA5051CF}.Release|Any CPU.Build.0 = Release|Any CPU
		{726542AB-B701-46C1-93EF-BF78DA5051CF}.Release|x64.ActiveCfg = Release|Any CPU
		{726542AB-B701-46C1-93EF-BF78DA5051CF}.Release|x64.Build.0 = Release|Any CPU
		{726542AB-B701-46C1-93EF-BF78DA5051CF}.Release|x86.ActiveCfg = Release|Any CPU
		{726542AB-B701-46C1-93EF-BF78DA5051CF}.Release|x86.Build.0 = Release|Any CPU
		{36A37507-201F-4E85-B20C-85B475FEDACA}.Debug|Any CPU.ActiveCfg = Debug|Any CPU
		{36A37507-201F-4E85-B20C-85B475FEDACA}.Debug|Any CPU.Build.0 = Debug|Any CPU
		{36A37507-201F-4E85-B20C-85B475FEDACA}.Debug|x64.ActiveCfg = Debug|Any CPU
		{36A37507-201F-4E85-B20C-85B475FEDACA}.Debug|x64.Build.0 = Debug|Any CPU
		{36A37507-201F-4E85-B20C-85B475FEDACA}.Debug|x86.ActiveCfg = Debug|Any CPU
		{36A37507-201F-4E85-B20C-85B475FEDACA}.Debug|x86.Build.0 = Debug|Any CPU
		{36A37507-201F-4E85-B20C-85B475FEDACA}.Release|Any CPU.ActiveCfg = Release|Any CPU
		{36A37507-201F-4E85-B20C-85B475FEDACA}.Release|Any CPU.Build.0 = Release|Any CPU
		{36A37507-201F-4E85-B20C-85B475FEDACA}.Release|x64.ActiveCfg = Release|Any CPU
		{36A37507-201F-4E85-B20C-85B475FEDACA}.Release|x64.Build.0 = Release|Any CPU
		{36A37507-201F-4E85-B20C-85B475FEDACA}.Release|x86.ActiveCfg = Release|Any CPU
		{36A37507-201F-4E85-B20C-85B475FEDACA}.Release|x86.Build.0 = Release|Any CPU
		{691FC14A-F5F5-4E17-AD43-B5D0E6C9635F}.Debug|Any CPU.ActiveCfg = Debug|Any CPU
		{691FC14A-F5F5-4E17-AD43-B5D0E6C9635F}.Debug|Any CPU.Build.0 = Debug|Any CPU
		{691FC14A-F5F5-4E17-AD43-B5D0E6C9635F}.Debug|x64.ActiveCfg = Debug|Any CPU
		{691FC14A-F5F5-4E17-AD43-B5D0E6C9635F}.Debug|x64.Build.0 = Debug|Any CPU
		{691FC14A-F5F5-4E17-AD43-B5D0E6C9635F}.Debug|x86.ActiveCfg = Debug|Any CPU
		{691FC14A-F5F5-4E17-AD43-B5D0E6C9635F}.Debug|x86.Build.0 = Debug|Any CPU
		{691FC14A-F5F5-4E17-AD43-B5D0E6C9635F}.Release|Any CPU.ActiveCfg = Release|Any CPU
		{691FC14A-F5F5-4E17-AD43-B5D0E6C9635F}.Release|Any CPU.Build.0 = Release|Any CPU
		{691FC14A-F5F5-4E17-AD43-B5D0E6C9635F}.Release|x64.ActiveCfg = Release|Any CPU
		{691FC14A-F5F5-4E17-AD43-B5D0E6C9635F}.Release|x64.Build.0 = Release|Any CPU
		{691FC14A-F5F5-4E17-AD43-B5D0E6C9635F}.Release|x86.ActiveCfg = Release|Any CPU
		{691FC14A-F5F5-4E17-AD43-B5D0E6C9635F}.Release|x86.Build.0 = Release|Any CPU
	EndGlobalSection
EndGlobal
